
Microsoft Visual Studio Solution File, Format Version 12.00
# Visual Studio Version 16
VisualStudioVersion = 16.0.31424.327
MinimumVisualStudioVersion = 10.0.40219.1
Project("{FAE04EC0-301F-11D3-BF4B-00C04F79EFBC}") = "WinFormsApp1", "WinFormsApp1\WinFormsApp1.csproj", "{7119678B-F295-4214-9C68-34D2A1ABEF20}"
EndProject
Global
	GlobalSection(SolutionConfigurationPlatforms) = preSolution
		Debug|Any CPU = Debug|Any CPU
		Release|Any CPU = Release|Any CPU
	EndGlobalSection
	GlobalSection(ProjectConfigurationPlatforms) = postSolution
		{7119678B-F295-4214-9C68-34D2A1ABEF20}.Debug|Any CPU.ActiveCfg = Debug|Any CPU
		{7119678B-F295-4214-9C68-34D2A1ABEF20}.Debug|Any CPU.Build.0 = Debug|Any CPU
		{7119678B-F295-4214-9C68-34D2A1ABEF20}.Release|Any CPU.ActiveCfg = Release|Any CPU
		{7119678B-F295-4214-9C68-34D2A1ABEF20}.Release|Any CPU.Build.0 = Release|Any CPU
	EndGlobalSection
	GlobalSection(SolutionProperties) = preSolution
		HideSolutionNode = FALSE
	EndGlobalSection
	GlobalSection(ExtensibilityGlobals) = postSolution
		SolutionGuid = {F1C5ACB5-6C5C-430B-892D-FBD09742C75B}
	EndGlobalSection
EndGlobal
